
Microsoft Visual Studio Solution File, Format Version 12.00
# Visual Studio Version 17
VisualStudioVersion = 17.3.32825.248
MinimumVisualStudioVersion = 10.0.40219.1
Project("{9A19103F-16F7-4668-BE54-9A1E7A4F7556}") = "officeborad", "officeborad\officeborad.csproj", "{CEFB0B07-7D40-447D-9E51-6AAACF8C1D10}"
EndProject
Project("{9A19103F-16F7-4668-BE54-9A1E7A4F7556}") = "officeBL", "officeBL\officeBL.csproj", "{478FC2EB-4050-4708-BA4B-C7BF37D9AFDB}"
EndProject
Project("{FAE04EC0-301F-11D3-BF4B-00C04F79EFBC}") = "OfficeDataLayer", "OfficeDataLayer\OfficeDataLayer.csproj", "{3CF3988E-103E-43E0-B6F5-DCADF6CAFEFF}"
EndProject
Project("{FAE04EC0-301F-11D3-BF4B-00C04F79EFBC}") = "OfficeEntity", "OfficeEntity\OfficeEntity.csproj", "{D13B16B6-36D6-4FC1-AEDA-137DE2E6FFAA}"
EndProject
Project("{FAE04EC0-301F-11D3-BF4B-00C04F79EFBC}") = "OfficeBoardAPI", "OfficeBoardAPI\OfficeBoardAPI.csproj", "{92077CDA-3B6A-4F02-9942-EEF478887732}"
EndProject
Global
	GlobalSection(SolutionConfigurationPlatforms) = preSolution
		Debug|Any CPU = Debug|Any CPU
		Release|Any CPU = Release|Any CPU
	EndGlobalSection
	GlobalSection(ProjectConfigurationPlatforms) = postSolution
		{CEFB0B07-7D40-447D-9E51-6AAACF8C1D10}.Debug|Any CPU.ActiveCfg = Debug|Any CPU
		{CEFB0B07-7D40-447D-9E51-6AAACF8C1D10}.Debug|Any CPU.Build.0 = Debug|Any CPU
		{CEFB0B07-7D40-447D-9E51-6AAACF8C1D10}.Release|Any CPU.ActiveCfg = Release|Any CPU
		{CEFB0B07-7D40-447D-9E51-6AAACF8C1D10}.Release|Any CPU.Build.0 = Release|Any CPU
		{478FC2EB-4050-4708-BA4B-C7BF37D9AFDB}.Debug|Any CPU.ActiveCfg = Debug|Any CPU
		{478FC2EB-4050-4708-BA4B-C7BF37D9AFDB}.Debug|Any CPU.Build.0 = Debug|Any CPU
		{478FC2EB-4050-4708-BA4B-C7BF37D9AFDB}.Release|Any CPU.ActiveCfg = Release|Any CPU
		{478FC2EB-4050-4708-BA4B-C7BF37D9AFDB}.Release|Any CPU.Build.0 = Release|Any CPU
		{3CF3988E-103E-43E0-B6F5-DCADF6CAFEFF}.Debug|Any CPU.ActiveCfg = Debug|Any CPU
		{3CF3988E-103E-43E0-B6F5-DCADF6CAFEFF}.Debug|Any CPU.Build.0 = Debug|Any CPU
		{3CF3988E-103E-43E0-B6F5-DCADF6CAFEFF}.Release|Any CPU.ActiveCfg = Release|Any CPU
		{3CF3988E-103E-43E0-B6F5-DCADF6CAFEFF}.Release|Any CPU.Build.0 = Release|Any CPU
		{D13B16B6-36D6-4FC1-AEDA-137DE2E6FFAA}.Debug|Any CPU.ActiveCfg = Debug|Any CPU
		{D13B16B6-36D6-4FC1-AEDA-137DE2E6FFAA}.Debug|Any CPU.Build.0 = Debug|Any CPU
		{D13B16B6-36D6-4FC1-AEDA-137DE2E6FFAA}.Release|Any CPU.ActiveCfg = Release|Any CPU
		{D13B16B6-36D6-4FC1-AEDA-137DE2E6FFAA}.Release|Any CPU.Build.0 = Release|Any CPU
		{92077CDA-3B6A-4F02-9942-EEF478887732}.Debug|Any CPU.ActiveCfg = Debug|Any CPU
		{92077CDA-3B6A-4F02-9942-EEF478887732}.Debug|Any CPU.Build.0 = Debug|Any CPU
		{92077CDA-3B6A-4F02-9942-EEF478887732}.Release|Any CPU.ActiveCfg = Release|Any CPU
		{92077CDA-3B6A-4F02-9942-EEF478887732}.Release|Any CPU.Build.0 = Release|Any CPU
	EndGlobalSection
	GlobalSection(SolutionProperties) = preSolution
		HideSolutionNode = FALSE
	EndGlobalSection
	GlobalSection(ExtensibilityGlobals) = postSolution
		SolutionGuid = {3DAD7ABC-CDEF-4505-B1CF-3C14740AFC46}
	EndGlobalSection
EndGlobal
